release: main-20260925
status: github-published-pending-live-acceptance
description: >-
  Current live-validated WeChat Hub batch promoted to maintained source lines
  with automatic GHCR publication. The GHCR images below passed GitHub CI and
  image builds, but these new image digests have not been swapped into the NAS
  real-account test environment.

components:
  runtime:
    repository: https://github.com/onestao/wechat-hub-runtime
    branch: main
    validated_source: 793547711a677381ce69040267a0c556f683f1fa
    promoted_source: 0bf22dba0a8eb1c4f36400390afe364005436d10
    image: ghcr.io/onestao/wechat-hub-runtime:main
    published_digest: sha256:efd9b2f47c0242939eaa10e63de93ddd250671be473b5e9c31584643331e2520
    publish_run: https://github.com/onestao/wechat-hub-runtime/actions/runs/36155486188
    ci_run: https://github.com/onestao/wechat-hub-runtime/actions/runs/36155486118
    platforms: [linux/amd64, linux/arm64]
    live_image_id: sha256:b3b482fd00e8ca2f9ea945145dd4a221b0faf4749ce6ef56bb72f43fa39ae9b0

  core:
    repository: https://github.com/onestao/wechat-hub-core
    branch: main
    validated_source: 3e28d64df0152876d6ddb22a53d25938403477f6
    promoted_source: c3be701143ad33ce63678f048d47c5c010274cfa
    image: ghcr.io/onestao/wechat-hub-core:main
    published_digest: sha256:d4d76f965ebcbd3b5fc76f6c8026083955e486a0571eb2f339e4f2b83598d874
    publish_run: https://github.com/onestao/wechat-hub-core/actions/runs/36155487741
    ci_run: https://github.com/onestao/wechat-hub-core/actions/runs/36155487730
    platforms: [linux/amd64, linux/arm64]
    live_image_id: sha256:907269a82da18d060757e82bd47bbb8ba4c4e46bc1f7dec987afa1fa6072e688
    note: promoted_source adds the live-validated repaired-message-database handling and CI.

  console:
    repository: https://github.com/onestao/wechat-hub-console
    branch: main
    validated_source: d5582f1f25f6771c4515bb78ffd805ce83759fe4
    promoted_source: 0dd23219aea3f6b97ba25a43518741398b624df2
    image: ghcr.io/onestao/wechat-hub-console:main
    published_digest: sha256:1dfe5dcd5c976150e785ab444f66fa9ee74af33d42dbb85c526923aae2d5b7f4
    publish_run: https://github.com/onestao/wechat-hub-console/actions/runs/36155501391
    ci_run: https://github.com/onestao/wechat-hub-console/actions/runs/36155501358
    platforms: [linux/amd64, linux/arm64]
    live_image_id: sha256:1fa80579be73d0a87ee8663f671eaae58d59d9fad7cde3127f790ea872e41799

  efb:
    repository: https://github.com/onestao/wechat-hub-efb-linux-wechat-slave
    branch: main
    validated_source: 2074740d357f0b0dfac00386bf113978ac27cba9
    promoted_source: daf8db354e119dd2e05296f13ef1706f7644a207
    image: ghcr.io/onestao/wechat-hub-efb-linux-wechat-slave:main
    published_digest: sha256:043bb6a64e875514fdbef61e2cd299a4cc527ddde881c5a5574efd224682b362
    publish_run: https://github.com/onestao/wechat-hub-efb-linux-wechat-slave/actions/runs/36155485361
    ci_run: https://github.com/onestao/wechat-hub-efb-linux-wechat-slave/actions/runs/36155485357
    platforms: [linux/amd64, linux/arm64]
    live_image_id: sha256:0abb9ef6a6fe95e4c062fefd90c30963208bc9bb6ef0fd2d80dd0a056ec75748

  agent_wechat:
    repository: https://github.com/onestao/agent-wechat
    branch: wechat-hub-main
    validated_source: 9b40afb39999c9e2281e4f37f379565ff3747f5d
    promoted_source: 72829e2d2ad78f507650fcd9ca03decfccb0f2fc
    image: ghcr.io/onestao/wechat-hub-agent-wechat:main
    published_digest: sha256:156af81a98c9b451c368e986d66f5db4557daa99d5690798af83278111d0bac0
    publish_run: https://github.com/onestao/agent-wechat/actions/runs/36155484720
    platforms: [linux/amd64]
    live_image_id: sha256:7524a35092fddea7408409fc530e3bf9ba0d1ada669aea2e585d0fbb2e847a7f
    note: >-
      Includes numbered message database path repair and LF-pinned embedded
      migrations. arm64 is intentionally withheld until the exact WeChat
      runtime substrate passes real-account acceptance.

acceptance:
  prior_live_receive_text: passed
  prior_live_receive_sticker: passed
  prior_efb_checkpoint_advanced: passed
  new_ghcr_images_live_acceptance: pending
  historical_gap_reconciled: false
